
Microsoft Visual Studio Solution File, Format Version 12.00
# Visual Studio Version 17
VisualStudioVersion = 17.9.34728.123
MinimumVisualStudioVersion = 10.0.40219.1
Project("{FAE04EC0-301F-11D3-BF4B-00C04F79EFBC}") = "CargoCotainerShipping", "CargoCotainerShipping\CargoCotainerShipping.csproj", "{4C78BF40-AD50-4050-B8CD-048A3B8EFA34}"
EndProject
Project("{FAE04EC0-301F-11D3-BF4B-00C04F79EFBC}") = "Core", "Core\Core.csproj", "{5DF9957F-7560-43D7-B8AB-51F372BE9060}"
EndProject
Project("{FAE04EC0-301F-11D3-BF4B-00C04F79EFBC}") = "Application", "Application\Application.csproj", "{1B3BA85F-B897-475B-9419-687747318021}"
EndProject
Project("{FAE04EC0-301F-11D3-BF4B-00C04F79EFBC}") = "Infrastructure", "Infrastructure\Infrastructure.csproj", "{0EA3A36C-6364-4584-8DD6-C77E62FAA024}"
EndProject
Global
	GlobalSection(SolutionConfigurationPlatforms) = preSolution
		Debug|Any CPU = Debug|Any CPU
		Release|Any CPU = Release|Any CPU
	EndGlobalSection
	GlobalSection(ProjectConfigurationPlatforms) = postSolution
		{4C78BF40-AD50-4050-B8CD-048A3B8EFA34}.Debug|Any CPU.ActiveCfg = Debug|Any CPU
		{4C78BF40-AD50-4050-B8CD-048A3B8EFA34}.Debug|Any CPU.Build.0 = Debug|Any CPU
		{4C78BF40-AD50-4050-B8CD-048A3B8EFA34}.Release|Any CPU.ActiveCfg = Release|Any CPU
		{4C78BF40-AD50-4050-B8CD-048A3B8EFA34}.Release|Any CPU.Build.0 = Release|Any CPU
		{5DF9957F-7560-43D7-B8AB-51F372BE9060}.Debug|Any CPU.ActiveCfg = Debug|Any CPU
		{5DF9957F-7560-43D7-B8AB-51F372BE9060}.Debug|Any CPU.Build.0 = Debug|Any CPU
		{5DF9957F-7560-43D7-B8AB-51F372BE9060}.Release|Any CPU.ActiveCfg = Release|Any CPU
		{5DF9957F-7560-43D7-B8AB-51F372BE9060}.Release|Any CPU.Build.0 = Release|Any CPU
		{1B3BA85F-B897-475B-9419-687747318021}.Debug|Any CPU.ActiveCfg = Debug|Any CPU
		{1B3BA85F-B897-475B-9419-687747318021}.Debug|Any CPU.Build.0 = Debug|Any CPU
		{1B3BA85F-B897-475B-9419-687747318021}.Release|Any CPU.ActiveCfg = Release|Any CPU
		{1B3BA85F-B897-475B-9419-687747318021}.Release|Any CPU.Build.0 = Release|Any CPU
		{0EA3A36C-6364-4584-8DD6-C77E62FAA024}.Debug|Any CPU.ActiveCfg = Debug|Any CPU
		{0EA3A36C-6364-4584-8DD6-C77E62FAA024}.Debug|Any CPU.Build.0 = Debug|Any CPU
		{0EA3A36C-6364-4584-8DD6-C77E62FAA024}.Release|Any CPU.ActiveCfg = Release|Any CPU
		{0EA3A36C-6364-4584-8DD6-C77E62FAA024}.Release|Any CPU.Build.0 = Release|Any CPU
	EndGlobalSection
	GlobalSection(SolutionProperties) = preSolution
		HideSolutionNode = FALSE
	EndGlobalSection
	GlobalSection(ExtensibilityGlobals) = postSolution
		SolutionGuid = {FA94AD44-1F08-413B-92BF-75EDF868F705}
	EndGlobalSection
EndGlobal
